
Microsoft Visual Studio Solution File, Format Version 12.00
# Visual Studio 15
VisualStudioVersion = 15.0.27703.2018
MinimumVisualStudioVersion = 10.0.40219.1
Project("{8BC9CEB8-8B4A-11D0-8D11-00A0C91BC942}") = "task103", "task103\task103.vcxproj", "{4ACF06E8-4A03-483E-8DA1-F0759F25F026}"
EndProject
Project("{8BC9CEB8-8B4A-11D0-8D11-00A0C91BC942}") = "task101", "..\task101\task101\task101.vcxproj", "{BCE524C2-6BFA-44B3-954F-856EBD0124AD}"
EndProject
Global
	GlobalSection(SolutionConfigurationPlatforms) = preSolution
		Debug|x64 = Debug|x64
		Debug|x86 = Debug|x86
		Release|x64 = Release|x64
		Release|x86 = Release|x86
	EndGlobalSection
	GlobalSection(ProjectConfigurationPlatforms) = postSolution
		{4ACF06E8-4A03-483E-8DA1-F0759F25F026}.Debug|x64.ActiveCfg = Debug|x64
		{4ACF06E8-4A03-483E-8DA1-F0759F25F026}.Debug|x64.Build.0 = Debug|x64
		{4ACF06E8-4A03-483E-8DA1-F0759F25F026}.Debug|x86.ActiveCfg = Debug|Win32
		{4ACF06E8-4A03-483E-8DA1-F0759F25F026}.Debug|x86.Build.0 = Debug|Win32
		{4ACF06E8-4A03-483E-8DA1-F0759F25F026}.Release|x64.ActiveCfg = Release|x64
		{4ACF06E8-4A03-483E-8DA1-F0759F25F026}.Release|x64.Build.0 = Release|x64
		{4ACF06E8-4A03-483E-8DA1-F0759F25F026}.Release|x86.ActiveCfg = Release|Win32
		{4ACF06E8-4A03-483E-8DA1-F0759F25F026}.Release|x86.Build.0 = Release|Win32
		{BCE524C2-6BFA-44B3-954F-856EBD0124AD}.Debug|x64.ActiveCfg = Debug|x64
		{BCE524C2-6BFA-44B3-954F-856EBD0124AD}.Debug|x64.Build.0 = Debug|x64
		{BCE524C2-6BFA-44B3-954F-856EBD0124AD}.Debug|x86.ActiveCfg = Debug|Win32
		{BCE524C2-6BFA-44B3-954F-856EBD0124AD}.Debug|x86.Build.0 = Debug|Win32
		{BCE524C2-6BFA-44B3-954F-856EBD0124AD}.Release|x64.ActiveCfg = Release|x64
		{BCE524C2-6BFA-44B3-954F-856EBD0124AD}.Release|x64.Build.0 = Release|x64
		{BCE524C2-6BFA-44B3-954F-856EBD0124AD}.Release|x86.ActiveCfg = Release|Win32
		{BCE524C2-6BFA-44B3-954F-856EBD0124AD}.Release|x86.Build.0 = Release|Win32
	EndGlobalSection
	GlobalSection(SolutionProperties) = preSolution
		HideSolutionNode = FALSE
	EndGlobalSection
	GlobalSection(ExtensibilityGlobals) = postSolution
		SolutionGuid = {94E66A87-D4E3-4A03-8BB3-623B06A3BA83}
	EndGlobalSection
EndGlobal
