
Microsoft Visual Studio Solution File, Format Version 12.00
# Visual Studio 15
VisualStudioVersion = 15.0.27703.2018
MinimumVisualStudioVersion = 10.0.40219.1
Project("{8BC9CEB8-8B4A-11D0-8D11-00A0C91BC942}") = "051 capturing this with lambdas", "051 capturing this with lambdas\051 capturing this with lambdas.vcxproj", "{1F42F2BE-35F5-4EF6-A556-C80C0F570BC8}"
EndProject
Global
	GlobalSection(SolutionConfigurationPlatforms) = preSolution
		Debug|x64 = Debug|x64
		Debug|x86 = Debug|x86
		Release|x64 = Release|x64
		Release|x86 = Release|x86
	EndGlobalSection
	GlobalSection(ProjectConfigurationPlatforms) = postSolution
		{1F42F2BE-35F5-4EF6-A556-C80C0F570BC8}.Debug|x64.ActiveCfg = Debug|x64
		{1F42F2BE-35F5-4EF6-A556-C80C0F570BC8}.Debug|x64.Build.0 = Debug|x64
		{1F42F2BE-35F5-4EF6-A556-C80C0F570BC8}.Debug|x86.ActiveCfg = Debug|Win32
		{1F42F2BE-35F5-4EF6-A556-C80C0F570BC8}.Debug|x86.Build.0 = Debug|Win32
		{1F42F2BE-35F5-4EF6-A556-C80C0F570BC8}.Release|x64.ActiveCfg = Release|x64
		{1F42F2BE-35F5-4EF6-A556-C80C0F570BC8}.Release|x64.Build.0 = Release|x64
		{1F42F2BE-35F5-4EF6-A556-C80C0F570BC8}.Release|x86.ActiveCfg = Release|Win32
		{1F42F2BE-35F5-4EF6-A556-C80C0F570BC8}.Release|x86.Build.0 = Release|Win32
	EndGlobalSection
	GlobalSection(SolutionProperties) = preSolution
		HideSolutionNode = FALSE
	EndGlobalSection
	GlobalSection(ExtensibilityGlobals) = postSolution
		SolutionGuid = {95D427CF-7339-48C8-B1DD-F4D714BCBC3F}
	EndGlobalSection
EndGlobal
