<?xml version="1.0" encoding="utf-8"?>
<Project ToolsVersion="4.0" xmlns="http://schemas.microsoft.com/developer/msbuild/2003">
  <ItemGroup>
    <Filter Include="Source Files">
      <UniqueIdentifier>{4FC737F1-C7A5-4376-A066-2A32D752A2FF}</UniqueIdentifier>
      <Extensions>cpp;c;cc;cxx;def;odl;idl;hpj;bat;asm;asmx</Extensions>
    </Filter>
    <Filter Include="Header Files">
      <UniqueIdentifier>{93995380-89BD-4b04-88EB-625FBE52EBFB}</UniqueIdentifier>
      <Extensions>h;hh;hpp;hxx;hm;inl;inc;ipp;xsd</Extensions>
    </Filter>
    <Filter Include="Resource Files">
      <UniqueIdentifier>{67DA6AB6-F800-4c08-8B7A-83BB121AAD01}</UniqueIdentifier>
      <Extensions>rc;ico;cur;bmp;dlg;rc2;rct;bin;rgs;gif;jpg;jpeg;jpe;resx;tiff;tif;png;wav;mfcribbon-ms</Extensions>
    </Filter>
    <Filter Include="Source Files\Contro">
      <UniqueIdentifier>{4fefe028-e571-4f4f-b722-78a0089d7d58}</UniqueIdentifier>
    </Filter>
  </ItemGroup>
  <ItemGroup>
    <ClCompile Include="random.cpp">
      <Filter>Source Files</Filter>
    </ClCompile>
    <ClCompile Include="NamedReturnValueOptimize.cpp">
      <Filter>Source Files</Filter>
    </ClCompile>
    <ClCompile Include="CopyConstructor.cpp">
      <Filter>Source Files</Filter>
    </ClCompile>
    <ClCompile Include="CopyConstructor2.cpp">
      <Filter>Source Files</Filter>
    </ClCompile>
    <ClCompile Include="MoveConstructor.cpp">
      <Filter>Source Files</Filter>
    </ClCompile>
    <ClCompile Include="CopySemantic.cpp">
      <Filter>Source Files</Filter>
    </ClCompile>
    <ClCompile Include="CopySemanticVaMoveSemantic.cpp">
      <Filter>Source Files</Filter>
    </ClCompile>
    <ClCompile Include="uniquePointer.cpp">
      <Filter>Source Files</Filter>
    </ClCompile>
    <ClCompile Include="SetLocale.cpp">
      <Filter>Source Files</Filter>
    </ClCompile>
    <ClCompile Include="Doituong.cpp">
      <Filter>Source Files</Filter>
    </ClCompile>
    <ClCompile Include="testtaodoituong.cpp">
      <Filter>Source Files</Filter>
    </ClCompile>
    <ClCompile Include="DoiTuong2.cpp">
      <Filter>Source Files</Filter>
    </ClCompile>
    <ClCompile Include="bitwisecopy_constructor.cpp">
      <Filter>Source Files</Filter>
    </ClCompile>
    <ClCompile Include="template.cpp">
      <Filter>Source Files</Filter>
    </ClCompile>
    <ClCompile Include="contro.cpp">
      <Filter>Source Files\Contro</Filter>
    </ClCompile>
    <ClCompile Include="controham.cpp">
      <Filter>Source Files\Contro</Filter>
    </ClCompile>
    <ClCompile Include="toUpper.c">
      <Filter>Source Files\Contro</Filter>
    </ClCompile>
    <ClCompile Include="scan1xau.cpp">
      <Filter>Source Files\Contro</Filter>
    </ClCompile>
    <ClCompile Include="lenStrFunc.cpp">
      <Filter>Source Files</Filter>
    </ClCompile>
    <ClCompile Include="scanfFunc.cpp">
      <Filter>Source Files</Filter>
    </ClCompile>
    <ClCompile Include="testParserArgument.cpp">
      <Filter>Source Files</Filter>
    </ClCompile>
    <ClCompile Include="main.cpp">
      <Filter>Source Files</Filter>
    </ClCompile>
    <ClCompile Include="A.cpp">
      <Filter>Source Files</Filter>
    </ClCompile>
    <ClCompile Include="B.cpp">
      <Filter>Source Files</Filter>
    </ClCompile>
  </ItemGroup>
  <ItemGroup>
    <ClInclude Include="Doituong.h">
      <Filter>Header Files</Filter>
    </ClInclude>
    <ClInclude Include="DoiTuong2.h">
      <Filter>Header Files</Filter>
    </ClInclude>
    <ClInclude Include="A.h">
      <Filter>Header Files</Filter>
    </ClInclude>
    <ClInclude Include="B.h">
      <Filter>Header Files</Filter>
    </ClInclude>
  </ItemGroup>
</Project>