
Microsoft Visual Studio Solution File, Format Version 12.00
# Visual Studio 15
VisualStudioVersion = 15.0.27703.2018
MinimumVisualStudioVersion = 10.0.40219.1
Project("{8BC9CEB8-8B4A-11D0-8D11-00A0C91BC942}") = "048 introducing lambda expressions", "048 introducing lambda expressions\048 introducing lambda expressions.vcxproj", "{29D55695-BE10-4FAA-9753-04F6DEF1EEFC}"
EndProject
Global
	GlobalSection(SolutionConfigurationPlatforms) = preSolution
		Debug|x64 = Debug|x64
		Debug|x86 = Debug|x86
		Release|x64 = Release|x64
		Release|x86 = Release|x86
	EndGlobalSection
	GlobalSection(ProjectConfigurationPlatforms) = postSolution
		{29D55695-BE10-4FAA-9753-04F6DEF1EEFC}.Debug|x64.ActiveCfg = Debug|x64
		{29D55695-BE10-4FAA-9753-04F6DEF1EEFC}.Debug|x64.Build.0 = Debug|x64
		{29D55695-BE10-4FAA-9753-04F6DEF1EEFC}.Debug|x86.ActiveCfg = Debug|Win32
		{29D55695-BE10-4FAA-9753-04F6DEF1EEFC}.Debug|x86.Build.0 = Debug|Win32
		{29D55695-BE10-4FAA-9753-04F6DEF1EEFC}.Release|x64.ActiveCfg = Release|x64
		{29D55695-BE10-4FAA-9753-04F6DEF1EEFC}.Release|x64.Build.0 = Release|x64
		{29D55695-BE10-4FAA-9753-04F6DEF1EEFC}.Release|x86.ActiveCfg = Release|Win32
		{29D55695-BE10-4FAA-9753-04F6DEF1EEFC}.Release|x86.Build.0 = Release|Win32
	EndGlobalSection
	GlobalSection(SolutionProperties) = preSolution
		HideSolutionNode = FALSE
	EndGlobalSection
	GlobalSection(ExtensibilityGlobals) = postSolution
		SolutionGuid = {6C3900AB-96D0-451E-97EF-573BAC20A9B0}
	EndGlobalSection
EndGlobal
