
Microsoft Visual Studio Solution File, Format Version 12.00
# Visual Studio 15
VisualStudioVersion = 15.0.27428.2027
MinimumVisualStudioVersion = 10.0.40219.1
Project("{8BC9CEB8-8B4A-11D0-8D11-00A0C91BC942}") = "Set_Hash_Map", "Set_Hash_Map\Set_Hash_Map.vcxproj", "{4B423565-A7E2-489C-91D8-09E905647E62}"
EndProject
Global
	GlobalSection(SolutionConfigurationPlatforms) = preSolution
		Debug|x64 = Debug|x64
		Debug|x86 = Debug|x86
		Release|x64 = Release|x64
		Release|x86 = Release|x86
	EndGlobalSection
	GlobalSection(ProjectConfigurationPlatforms) = postSolution
		{4B423565-A7E2-489C-91D8-09E905647E62}.Debug|x64.ActiveCfg = Debug|x64
		{4B423565-A7E2-489C-91D8-09E905647E62}.Debug|x64.Build.0 = Debug|x64
		{4B423565-A7E2-489C-91D8-09E905647E62}.Debug|x86.ActiveCfg = Debug|Win32
		{4B423565-A7E2-489C-91D8-09E905647E62}.Debug|x86.Build.0 = Debug|Win32
		{4B423565-A7E2-489C-91D8-09E905647E62}.Release|x64.ActiveCfg = Release|x64
		{4B423565-A7E2-489C-91D8-09E905647E62}.Release|x64.Build.0 = Release|x64
		{4B423565-A7E2-489C-91D8-09E905647E62}.Release|x86.ActiveCfg = Release|Win32
		{4B423565-A7E2-489C-91D8-09E905647E62}.Release|x86.Build.0 = Release|Win32
	EndGlobalSection
	GlobalSection(SolutionProperties) = preSolution
		HideSolutionNode = FALSE
	EndGlobalSection
	GlobalSection(ExtensibilityGlobals) = postSolution
		SolutionGuid = {1B909B5D-9F13-4418-9931-7AFD45568240}
	EndGlobalSection
EndGlobal
