
Microsoft Visual Studio Solution File, Format Version 12.00
# Visual Studio 15
VisualStudioVersion = 15.0.27703.2018
MinimumVisualStudioVersion = 10.0.40219.1
Project("{8BC9CEB8-8B4A-11D0-8D11-00A0C91BC942}") = "KYTHUATSAPXEP", "KYTHUATSAPXEP\KYTHUATSAPXEP.vcxproj", "{4D3B8123-C52E-445B-9F05-15ECB422A33A}"
EndProject
Global
	GlobalSection(SolutionConfigurationPlatforms) = preSolution
		Debug|x64 = Debug|x64
		Debug|x86 = Debug|x86
		Release|x64 = Release|x64
		Release|x86 = Release|x86
	EndGlobalSection
	GlobalSection(ProjectConfigurationPlatforms) = postSolution
		{4D3B8123-C52E-445B-9F05-15ECB422A33A}.Debug|x64.ActiveCfg = Debug|x64
		{4D3B8123-C52E-445B-9F05-15ECB422A33A}.Debug|x64.Build.0 = Debug|x64
		{4D3B8123-C52E-445B-9F05-15ECB422A33A}.Debug|x86.ActiveCfg = Debug|Win32
		{4D3B8123-C52E-445B-9F05-15ECB422A33A}.Debug|x86.Build.0 = Debug|Win32
		{4D3B8123-C52E-445B-9F05-15ECB422A33A}.Release|x64.ActiveCfg = Release|x64
		{4D3B8123-C52E-445B-9F05-15ECB422A33A}.Release|x64.Build.0 = Release|x64
		{4D3B8123-C52E-445B-9F05-15ECB422A33A}.Release|x86.ActiveCfg = Release|Win32
		{4D3B8123-C52E-445B-9F05-15ECB422A33A}.Release|x86.Build.0 = Release|Win32
	EndGlobalSection
	GlobalSection(SolutionProperties) = preSolution
		HideSolutionNode = FALSE
	EndGlobalSection
	GlobalSection(ExtensibilityGlobals) = postSolution
		SolutionGuid = {FC6B87EF-D0DD-43E2-9047-E525FFA48CB8}
	EndGlobalSection
EndGlobal
