
Microsoft Visual Studio Solution File, Format Version 12.00
# Visual Studio 15
VisualStudioVersion = 15.0.27703.2018
MinimumVisualStudioVersion = 10.0.40219.1
Project("{8BC9CEB8-8B4A-11D0-8D11-00A0C91BC942}") = "039 the auto keyword", "039 the auto keyword\039 the auto keyword.vcxproj", "{CB9ED572-A91C-4FC9-89E1-F7AAD76E6B74}"
EndProject
Global
	GlobalSection(SolutionConfigurationPlatforms) = preSolution
		Debug|x64 = Debug|x64
		Debug|x86 = Debug|x86
		Release|x64 = Release|x64
		Release|x86 = Release|x86
	EndGlobalSection
	GlobalSection(ProjectConfigurationPlatforms) = postSolution
		{CB9ED572-A91C-4FC9-89E1-F7AAD76E6B74}.Debug|x64.ActiveCfg = Debug|x64
		{CB9ED572-A91C-4FC9-89E1-F7AAD76E6B74}.Debug|x64.Build.0 = Debug|x64
		{CB9ED572-A91C-4FC9-89E1-F7AAD76E6B74}.Debug|x86.ActiveCfg = Debug|Win32
		{CB9ED572-A91C-4FC9-89E1-F7AAD76E6B74}.Debug|x86.Build.0 = Debug|Win32
		{CB9ED572-A91C-4FC9-89E1-F7AAD76E6B74}.Release|x64.ActiveCfg = Release|x64
		{CB9ED572-A91C-4FC9-89E1-F7AAD76E6B74}.Release|x64.Build.0 = Release|x64
		{CB9ED572-A91C-4FC9-89E1-F7AAD76E6B74}.Release|x86.ActiveCfg = Release|Win32
		{CB9ED572-A91C-4FC9-89E1-F7AAD76E6B74}.Release|x86.Build.0 = Release|Win32
	EndGlobalSection
	GlobalSection(SolutionProperties) = preSolution
		HideSolutionNode = FALSE
	EndGlobalSection
	GlobalSection(ExtensibilityGlobals) = postSolution
		SolutionGuid = {758E823F-1D30-4E40-BB59-3B0141313BD3}
	EndGlobalSection
EndGlobal
