
Microsoft Visual Studio Solution File, Format Version 12.00
# Visual Studio 15
VisualStudioVersion = 15.0.27703.2018
MinimumVisualStudioVersion = 10.0.40219.1
Project("{8BC9CEB8-8B4A-11D0-8D11-00A0C91BC942}") = "task038", "task038\task038.vcxproj", "{B1FB649E-602B-4A1E-B7C7-C18628B0F42F}"
EndProject
Global
	GlobalSection(SolutionConfigurationPlatforms) = preSolution
		Debug|x64 = Debug|x64
		Debug|x86 = Debug|x86
		Release|x64 = Release|x64
		Release|x86 = Release|x86
	EndGlobalSection
	GlobalSection(ProjectConfigurationPlatforms) = postSolution
		{B1FB649E-602B-4A1E-B7C7-C18628B0F42F}.Debug|x64.ActiveCfg = Debug|x64
		{B1FB649E-602B-4A1E-B7C7-C18628B0F42F}.Debug|x64.Build.0 = Debug|x64
		{B1FB649E-602B-4A1E-B7C7-C18628B0F42F}.Debug|x86.ActiveCfg = Debug|Win32
		{B1FB649E-602B-4A1E-B7C7-C18628B0F42F}.Debug|x86.Build.0 = Debug|Win32
		{B1FB649E-602B-4A1E-B7C7-C18628B0F42F}.Release|x64.ActiveCfg = Release|x64
		{B1FB649E-602B-4A1E-B7C7-C18628B0F42F}.Release|x64.Build.0 = Release|x64
		{B1FB649E-602B-4A1E-B7C7-C18628B0F42F}.Release|x86.ActiveCfg = Release|Win32
		{B1FB649E-602B-4A1E-B7C7-C18628B0F42F}.Release|x86.Build.0 = Release|Win32
	EndGlobalSection
	GlobalSection(SolutionProperties) = preSolution
		HideSolutionNode = FALSE
	EndGlobalSection
	GlobalSection(ExtensibilityGlobals) = postSolution
		SolutionGuid = {ABBBBA21-ABE5-49C3-B5FE-BB3E46832F1D}
	EndGlobalSection
EndGlobal
