
Microsoft Visual Studio Solution File, Format Version 12.00
# Visual Studio 15
VisualStudioVersion = 15.0.27703.2018
MinimumVisualStudioVersion = 10.0.40219.1
Project("{8BC9CEB8-8B4A-11D0-8D11-00A0C91BC942}") = "065 perfect forwarding", "065 perfect forwarding\065 perfect forwarding.vcxproj", "{44C75DCD-FCD1-4C28-B6DE-E4EFCE808176}"
EndProject
Global
	GlobalSection(SolutionConfigurationPlatforms) = preSolution
		Debug|x64 = Debug|x64
		Debug|x86 = Debug|x86
		Release|x64 = Release|x64
		Release|x86 = Release|x86
	EndGlobalSection
	GlobalSection(ProjectConfigurationPlatforms) = postSolution
		{44C75DCD-FCD1-4C28-B6DE-E4EFCE808176}.Debug|x64.ActiveCfg = Debug|x64
		{44C75DCD-FCD1-4C28-B6DE-E4EFCE808176}.Debug|x64.Build.0 = Debug|x64
		{44C75DCD-FCD1-4C28-B6DE-E4EFCE808176}.Debug|x86.ActiveCfg = Debug|Win32
		{44C75DCD-FCD1-4C28-B6DE-E4EFCE808176}.Debug|x86.Build.0 = Debug|Win32
		{44C75DCD-FCD1-4C28-B6DE-E4EFCE808176}.Release|x64.ActiveCfg = Release|x64
		{44C75DCD-FCD1-4C28-B6DE-E4EFCE808176}.Release|x64.Build.0 = Release|x64
		{44C75DCD-FCD1-4C28-B6DE-E4EFCE808176}.Release|x86.ActiveCfg = Release|Win32
		{44C75DCD-FCD1-4C28-B6DE-E4EFCE808176}.Release|x86.Build.0 = Release|Win32
	EndGlobalSection
	GlobalSection(SolutionProperties) = preSolution
		HideSolutionNode = FALSE
	EndGlobalSection
	GlobalSection(ExtensibilityGlobals) = postSolution
		SolutionGuid = {1ED7C263-5504-43BA-900A-5CFA9CBF34B2}
	EndGlobalSection
EndGlobal
