
Microsoft Visual Studio Solution File, Format Version 12.00
# Visual Studio 15
VisualStudioVersion = 15.0.27703.2018
MinimumVisualStudioVersion = 10.0.40219.1
Project("{8BC9CEB8-8B4A-11D0-8D11-00A0C91BC942}") = "Singleton Pattern", "Singleton Pattern\Singleton Pattern.vcxproj", "{3B33CCBE-6C9C-459D-B49A-0EE5ED1B532E}"
EndProject
Global
	GlobalSection(SolutionConfigurationPlatforms) = preSolution
		Debug|x64 = Debug|x64
		Debug|x86 = Debug|x86
		Release|x64 = Release|x64
		Release|x86 = Release|x86
	EndGlobalSection
	GlobalSection(ProjectConfigurationPlatforms) = postSolution
		{3B33CCBE-6C9C-459D-B49A-0EE5ED1B532E}.Debug|x64.ActiveCfg = Debug|x64
		{3B33CCBE-6C9C-459D-B49A-0EE5ED1B532E}.Debug|x64.Build.0 = Debug|x64
		{3B33CCBE-6C9C-459D-B49A-0EE5ED1B532E}.Debug|x86.ActiveCfg = Debug|Win32
		{3B33CCBE-6C9C-459D-B49A-0EE5ED1B532E}.Debug|x86.Build.0 = Debug|Win32
		{3B33CCBE-6C9C-459D-B49A-0EE5ED1B532E}.Release|x64.ActiveCfg = Release|x64
		{3B33CCBE-6C9C-459D-B49A-0EE5ED1B532E}.Release|x64.Build.0 = Release|x64
		{3B33CCBE-6C9C-459D-B49A-0EE5ED1B532E}.Release|x86.ActiveCfg = Release|Win32
		{3B33CCBE-6C9C-459D-B49A-0EE5ED1B532E}.Release|x86.Build.0 = Release|Win32
	EndGlobalSection
	GlobalSection(SolutionProperties) = preSolution
		HideSolutionNode = FALSE
	EndGlobalSection
	GlobalSection(ExtensibilityGlobals) = postSolution
		SolutionGuid = {5078036C-9096-4291-934D-B4C6FAF973D2}
	EndGlobalSection
EndGlobal
