
Microsoft Visual Studio Solution File, Format Version 12.00
# Visual Studio 15
VisualStudioVersion = 15.0.27703.2018
MinimumVisualStudioVersion = 10.0.40219.1
Project("{8BC9CEB8-8B4A-11D0-8D11-00A0C91BC942}") = "task007", "task007\task007.vcxproj", "{502E51FA-5C22-46BF-B10A-4E1F901B1632}"
EndProject
Global
	GlobalSection(SolutionConfigurationPlatforms) = preSolution
		Debug|x64 = Debug|x64
		Debug|x86 = Debug|x86
		Release|x64 = Release|x64
		Release|x86 = Release|x86
	EndGlobalSection
	GlobalSection(ProjectConfigurationPlatforms) = postSolution
		{502E51FA-5C22-46BF-B10A-4E1F901B1632}.Debug|x64.ActiveCfg = Debug|x64
		{502E51FA-5C22-46BF-B10A-4E1F901B1632}.Debug|x64.Build.0 = Debug|x64
		{502E51FA-5C22-46BF-B10A-4E1F901B1632}.Debug|x86.ActiveCfg = Debug|Win32
		{502E51FA-5C22-46BF-B10A-4E1F901B1632}.Debug|x86.Build.0 = Debug|Win32
		{502E51FA-5C22-46BF-B10A-4E1F901B1632}.Release|x64.ActiveCfg = Release|x64
		{502E51FA-5C22-46BF-B10A-4E1F901B1632}.Release|x64.Build.0 = Release|x64
		{502E51FA-5C22-46BF-B10A-4E1F901B1632}.Release|x86.ActiveCfg = Release|Win32
		{502E51FA-5C22-46BF-B10A-4E1F901B1632}.Release|x86.Build.0 = Release|Win32
	EndGlobalSection
	GlobalSection(SolutionProperties) = preSolution
		HideSolutionNode = FALSE
	EndGlobalSection
	GlobalSection(ExtensibilityGlobals) = postSolution
		SolutionGuid = {F4188366-F01B-46E7-A04C-260D56A2476C}
	EndGlobalSection
EndGlobal
