
Microsoft Visual Studio Solution File, Format Version 12.00
# Visual Studio 15
VisualStudioVersion = 15.0.27703.2018
MinimumVisualStudioVersion = 10.0.40219.1
Project("{8BC9CEB8-8B4A-11D0-8D11-00A0C91BC942}") = "036abstractclassesandpurevirtual", "036abstractclassesandpurevirtual\036abstractclassesandpurevirtual.vcxproj", "{B2682799-0156-4A29-8729-75DB6F3412E5}"
EndProject
Global
	GlobalSection(SolutionConfigurationPlatforms) = preSolution
		Debug|x64 = Debug|x64
		Debug|x86 = Debug|x86
		Release|x64 = Release|x64
		Release|x86 = Release|x86
	EndGlobalSection
	GlobalSection(ProjectConfigurationPlatforms) = postSolution
		{B2682799-0156-4A29-8729-75DB6F3412E5}.Debug|x64.ActiveCfg = Debug|x64
		{B2682799-0156-4A29-8729-75DB6F3412E5}.Debug|x64.Build.0 = Debug|x64
		{B2682799-0156-4A29-8729-75DB6F3412E5}.Debug|x86.ActiveCfg = Debug|Win32
		{B2682799-0156-4A29-8729-75DB6F3412E5}.Debug|x86.Build.0 = Debug|Win32
		{B2682799-0156-4A29-8729-75DB6F3412E5}.Release|x64.ActiveCfg = Release|x64
		{B2682799-0156-4A29-8729-75DB6F3412E5}.Release|x64.Build.0 = Release|x64
		{B2682799-0156-4A29-8729-75DB6F3412E5}.Release|x86.ActiveCfg = Release|Win32
		{B2682799-0156-4A29-8729-75DB6F3412E5}.Release|x86.Build.0 = Release|Win32
	EndGlobalSection
	GlobalSection(SolutionProperties) = preSolution
		HideSolutionNode = FALSE
	EndGlobalSection
	GlobalSection(ExtensibilityGlobals) = postSolution
		SolutionGuid = {3E7ED8DF-2C19-42BE-A62F-895E856A12E9}
	EndGlobalSection
EndGlobal
