
Microsoft Visual Studio Solution File, Format Version 12.00
# Visual Studio 15
VisualStudioVersion = 15.0.27703.2018
MinimumVisualStudioVersion = 10.0.40219.1
Project("{8BC9CEB8-8B4A-11D0-8D11-00A0C91BC942}") = "QuanLySinhVienP1", "QuanLySinhVienP1.vcxproj", "{158AA122-50E0-38B3-A870-3185C1D12041}"
EndProject
Global
	GlobalSection(SolutionConfigurationPlatforms) = preSolution
		Debug|x64 = Debug|x64
		Release|x64 = Release|x64
	EndGlobalSection
	GlobalSection(ProjectConfigurationPlatforms) = postSolution
		{158AA122-50E0-38B3-A870-3185C1D12041}.Debug|x64.ActiveCfg = Debug|x64
		{158AA122-50E0-38B3-A870-3185C1D12041}.Debug|x64.Build.0 = Debug|x64
		{158AA122-50E0-38B3-A870-3185C1D12041}.Release|x64.ActiveCfg = Release|x64
		{158AA122-50E0-38B3-A870-3185C1D12041}.Release|x64.Build.0 = Release|x64
	EndGlobalSection
	GlobalSection(SolutionProperties) = preSolution
		HideSolutionNode = FALSE
	EndGlobalSection
	GlobalSection(ExtensibilityGlobals) = postSolution
		SolutionGuid = {04298A18-B5BF-47BA-AE50-B3A2F1CEDA8D}
	EndGlobalSection
EndGlobal
