<?xml version="1.0" encoding="utf-8"?>
<Project ToolsVersion="4.0" xmlns="http://schemas.microsoft.com/developer/msbuild/2003">
  <ItemGroup>
    <Filter Include="Source Files">
      <UniqueIdentifier>{4FC737F1-C7A5-4376-A066-2A32D752A2FF}</UniqueIdentifier>
      <Extensions>cpp;c;cc;cxx;def;odl;idl;hpj;bat;asm;asmx</Extensions>
    </Filter>
    <Filter Include="Header Files">
      <UniqueIdentifier>{93995380-89BD-4b04-88EB-625FBE52EBFB}</UniqueIdentifier>
      <Extensions>h;hh;hpp;hxx;hm;inl;inc;ipp;xsd</Extensions>
    </Filter>
    <Filter Include="Resource Files">
      <UniqueIdentifier>{67DA6AB6-F800-4c08-8B7A-83BB121AAD01}</UniqueIdentifier>
      <Extensions>rc;ico;cur;bmp;dlg;rc2;rct;bin;rgs;gif;jpg;jpeg;jpe;resx;tiff;tif;png;wav;mfcribbon-ms</Extensions>
    </Filter>
  </ItemGroup>
  <ItemGroup>
    <ClCompile Include="main.cpp">
      <Filter>Source Files</Filter>
    </ClCompile>
    <ClCompile Include="Is_Array.cpp">
      <Filter>Source Files</Filter>
    </ClCompile>
    <ClCompile Include="IsClass.cpp">
      <Filter>Source Files</Filter>
    </ClCompile>
    <ClCompile Include="Is_Enum.cpp">
      <Filter>Source Files</Filter>
    </ClCompile>
    <ClCompile Include="IsFloatPoint.cpp">
      <Filter>Source Files</Filter>
    </ClCompile>
    <ClCompile Include="IsFunction.cpp">
      <Filter>Source Files</Filter>
    </ClCompile>
    <ClCompile Include="IsIntegral.cpp">
      <Filter>Source Files</Filter>
    </ClCompile>
    <ClCompile Include="Is_Lvalue_Reference.cpp">
      <Filter>Source Files</Filter>
    </ClCompile>
    <ClCompile Include="IsMemberFunctionPointer.cpp">
      <Filter>Source Files</Filter>
    </ClCompile>
    <ClCompile Include="Is_Member_Object_Function.cpp">
      <Filter>Source Files</Filter>
    </ClCompile>
    <ClCompile Include="IsPointer.cpp">
      <Filter>Source Files</Filter>
    </ClCompile>
    <ClCompile Include="IsCompound.cpp">
      <Filter>Source Files</Filter>
    </ClCompile>
    <ClCompile Include="IsFundamental.cpp">
      <Filter>Source Files</Filter>
    </ClCompile>
    <ClCompile Include="IsMemberPointer.cpp">
      <Filter>Source Files</Filter>
    </ClCompile>
    <ClCompile Include="IsObject.cpp">
      <Filter>Source Files</Filter>
    </ClCompile>
    <ClCompile Include="IsReference.cpp">
      <Filter>Source Files</Filter>
    </ClCompile>
    <ClCompile Include="Is_Scalar.cpp">
      <Filter>Source Files</Filter>
    </ClCompile>
    <ClCompile Include="IsAbstract.cpp">
      <Filter>Source Files</Filter>
    </ClCompile>
    <ClCompile Include="IsConst.cpp">
      <Filter>Source Files</Filter>
    </ClCompile>
    <ClCompile Include="IsEmpty.cpp">
      <Filter>Source Files</Filter>
    </ClCompile>
    <ClCompile Include="IPOD.cpp">
      <Filter>Source Files</Filter>
    </ClCompile>
    <ClCompile Include="IsPolimorphic.cpp">
      <Filter>Source Files</Filter>
    </ClCompile>
    <ClCompile Include="IsSigned.cpp">
      <Filter>Source Files</Filter>
    </ClCompile>
    <ClCompile Include="IsStandardLayout.cpp">
      <Filter>Source Files</Filter>
    </ClCompile>
    <ClCompile Include="IsTrivial.cpp">
      <Filter>Source Files</Filter>
    </ClCompile>
  </ItemGroup>
  <ItemGroup>
    <ClInclude Include="Is_Array.h">
      <Filter>Header Files</Filter>
    </ClInclude>
    <ClInclude Include="IsClass.h">
      <Filter>Header Files</Filter>
    </ClInclude>
    <ClInclude Include="Is_Enum.h">
      <Filter>Header Files</Filter>
    </ClInclude>
    <ClInclude Include="IsFloatPoint.h">
      <Filter>Header Files</Filter>
    </ClInclude>
    <ClInclude Include="IsFunction.h">
      <Filter>Header Files</Filter>
    </ClInclude>
    <ClInclude Include="IsIntegral.h">
      <Filter>Header Files</Filter>
    </ClInclude>
    <ClInclude Include="Is_Lvalue_Reference.h">
      <Filter>Header Files</Filter>
    </ClInclude>
    <ClInclude Include="IsMemberFunctionPointer.h">
      <Filter>Header Files</Filter>
    </ClInclude>
    <ClInclude Include="Is_Member_Object_Function.h">
      <Filter>Header Files</Filter>
    </ClInclude>
    <ClInclude Include="IsPointer.h">
      <Filter>Header Files</Filter>
    </ClInclude>
    <ClInclude Include="IsCompound.h">
      <Filter>Header Files</Filter>
    </ClInclude>
    <ClInclude Include="IsFundamental.h">
      <Filter>Header Files</Filter>
    </ClInclude>
    <ClInclude Include="IsMemberPointer.h">
      <Filter>Header Files</Filter>
    </ClInclude>
    <ClInclude Include="IsObject.h">
      <Filter>Header Files</Filter>
    </ClInclude>
    <ClInclude Include="IsReference.h">
      <Filter>Header Files</Filter>
    </ClInclude>
    <ClInclude Include="Is_Scalar.h">
      <Filter>Header Files</Filter>
    </ClInclude>
    <ClInclude Include="IsAbstract.h">
      <Filter>Header Files</Filter>
    </ClInclude>
    <ClInclude Include="IsConst.h">
      <Filter>Header Files</Filter>
    </ClInclude>
    <ClInclude Include="IsEmpty.h">
      <Filter>Header Files</Filter>
    </ClInclude>
    <ClInclude Include="IPOD.h">
      <Filter>Header Files</Filter>
    </ClInclude>
    <ClInclude Include="IsPolimorphic.h">
      <Filter>Header Files</Filter>
    </ClInclude>
    <ClInclude Include="IsSigned.h">
      <Filter>Header Files</Filter>
    </ClInclude>
    <ClInclude Include="IsStandardLayout.h">
      <Filter>Header Files</Filter>
    </ClInclude>
    <ClInclude Include="IsTrivial.h">
      <Filter>Header Files</Filter>
    </ClInclude>
  </ItemGroup>
</Project>