
Microsoft Visual Studio Solution File, Format Version 12.00
# Visual Studio 15
VisualStudioVersion = 15.0.27703.2018
MinimumVisualStudioVersion = 10.0.40219.1
Project("{8BC9CEB8-8B4A-11D0-8D11-00A0C91BC942}") = "task092", "task092\task092.vcxproj", "{6CAD478E-C7CA-495B-8084-7B2DAE2F18DB}"
EndProject
Global
	GlobalSection(SolutionConfigurationPlatforms) = preSolution
		Debug|x64 = Debug|x64
		Debug|x86 = Debug|x86
		Release|x64 = Release|x64
		Release|x86 = Release|x86
	EndGlobalSection
	GlobalSection(ProjectConfigurationPlatforms) = postSolution
		{6CAD478E-C7CA-495B-8084-7B2DAE2F18DB}.Debug|x64.ActiveCfg = Debug|x64
		{6CAD478E-C7CA-495B-8084-7B2DAE2F18DB}.Debug|x64.Build.0 = Debug|x64
		{6CAD478E-C7CA-495B-8084-7B2DAE2F18DB}.Debug|x86.ActiveCfg = Debug|Win32
		{6CAD478E-C7CA-495B-8084-7B2DAE2F18DB}.Debug|x86.Build.0 = Debug|Win32
		{6CAD478E-C7CA-495B-8084-7B2DAE2F18DB}.Release|x64.ActiveCfg = Release|x64
		{6CAD478E-C7CA-495B-8084-7B2DAE2F18DB}.Release|x64.Build.0 = Release|x64
		{6CAD478E-C7CA-495B-8084-7B2DAE2F18DB}.Release|x86.ActiveCfg = Release|Win32
		{6CAD478E-C7CA-495B-8084-7B2DAE2F18DB}.Release|x86.Build.0 = Release|Win32
	EndGlobalSection
	GlobalSection(SolutionProperties) = preSolution
		HideSolutionNode = FALSE
	EndGlobalSection
	GlobalSection(ExtensibilityGlobals) = postSolution
		SolutionGuid = {5AB7BB75-6160-4B1F-A4EE-2B56A7490265}
	EndGlobalSection
EndGlobal
