
Microsoft Visual Studio Solution File, Format Version 12.00
# Visual Studio 15
VisualStudioVersion = 15.0.27703.2018
MinimumVisualStudioVersion = 10.0.40219.1
Project("{8BC9CEB8-8B4A-11D0-8D11-00A0C91BC942}") = "035 object slicing and polymorphism", "035 object slicing and polymorphism\035 object slicing and polymorphism.vcxproj", "{D6818330-DC03-4A96-BEA7-EA9D3A159F57}"
EndProject
Global
	GlobalSection(SolutionConfigurationPlatforms) = preSolution
		Debug|x64 = Debug|x64
		Debug|x86 = Debug|x86
		Release|x64 = Release|x64
		Release|x86 = Release|x86
	EndGlobalSection
	GlobalSection(ProjectConfigurationPlatforms) = postSolution
		{D6818330-DC03-4A96-BEA7-EA9D3A159F57}.Debug|x64.ActiveCfg = Debug|x64
		{D6818330-DC03-4A96-BEA7-EA9D3A159F57}.Debug|x64.Build.0 = Debug|x64
		{D6818330-DC03-4A96-BEA7-EA9D3A159F57}.Debug|x86.ActiveCfg = Debug|Win32
		{D6818330-DC03-4A96-BEA7-EA9D3A159F57}.Debug|x86.Build.0 = Debug|Win32
		{D6818330-DC03-4A96-BEA7-EA9D3A159F57}.Release|x64.ActiveCfg = Release|x64
		{D6818330-DC03-4A96-BEA7-EA9D3A159F57}.Release|x64.Build.0 = Release|x64
		{D6818330-DC03-4A96-BEA7-EA9D3A159F57}.Release|x86.ActiveCfg = Release|Win32
		{D6818330-DC03-4A96-BEA7-EA9D3A159F57}.Release|x86.Build.0 = Release|Win32
	EndGlobalSection
	GlobalSection(SolutionProperties) = preSolution
		HideSolutionNode = FALSE
	EndGlobalSection
	GlobalSection(ExtensibilityGlobals) = postSolution
		SolutionGuid = {32B0BE94-3F21-4E55-B5C8-5BD0945B6E0E}
	EndGlobalSection
EndGlobal
