
Microsoft Visual Studio Solution File, Format Version 12.00
# Visual Studio 15
VisualStudioVersion = 15.0.27703.2018
MinimumVisualStudioVersion = 10.0.40219.1
Project("{8BC9CEB8-8B4A-11D0-8D11-00A0C91BC942}") = "task089", "task089\task089.vcxproj", "{833BFD0F-08D7-4AA1-842B-5B6BC391FFCD}"
EndProject
Global
	GlobalSection(SolutionConfigurationPlatforms) = preSolution
		Debug|x64 = Debug|x64
		Debug|x86 = Debug|x86
		Release|x64 = Release|x64
		Release|x86 = Release|x86
	EndGlobalSection
	GlobalSection(ProjectConfigurationPlatforms) = postSolution
		{833BFD0F-08D7-4AA1-842B-5B6BC391FFCD}.Debug|x64.ActiveCfg = Debug|x64
		{833BFD0F-08D7-4AA1-842B-5B6BC391FFCD}.Debug|x64.Build.0 = Debug|x64
		{833BFD0F-08D7-4AA1-842B-5B6BC391FFCD}.Debug|x86.ActiveCfg = Debug|Win32
		{833BFD0F-08D7-4AA1-842B-5B6BC391FFCD}.Debug|x86.Build.0 = Debug|Win32
		{833BFD0F-08D7-4AA1-842B-5B6BC391FFCD}.Release|x64.ActiveCfg = Release|x64
		{833BFD0F-08D7-4AA1-842B-5B6BC391FFCD}.Release|x64.Build.0 = Release|x64
		{833BFD0F-08D7-4AA1-842B-5B6BC391FFCD}.Release|x86.ActiveCfg = Release|Win32
		{833BFD0F-08D7-4AA1-842B-5B6BC391FFCD}.Release|x86.Build.0 = Release|Win32
	EndGlobalSection
	GlobalSection(SolutionProperties) = preSolution
		HideSolutionNode = FALSE
	EndGlobalSection
	GlobalSection(ExtensibilityGlobals) = postSolution
		SolutionGuid = {82A3480B-042B-47AE-973E-22AE748716A6}
	EndGlobalSection
EndGlobal
