
Microsoft Visual Studio Solution File, Format Version 12.00
# Visual Studio 15
VisualStudioVersion = 15.0.27703.2018
MinimumVisualStudioVersion = 10.0.40219.1
Project("{8BC9CEB8-8B4A-11D0-8D11-00A0C91BC942}") = "020 stacks and queues", "020 stacks and queues\020 stacks and queues.vcxproj", "{EE61285D-EF77-4074-B6CF-736908F2E484}"
EndProject
Global
	GlobalSection(SolutionConfigurationPlatforms) = preSolution
		Debug|x64 = Debug|x64
		Debug|x86 = Debug|x86
		Release|x64 = Release|x64
		Release|x86 = Release|x86
	EndGlobalSection
	GlobalSection(ProjectConfigurationPlatforms) = postSolution
		{EE61285D-EF77-4074-B6CF-736908F2E484}.Debug|x64.ActiveCfg = Debug|x64
		{EE61285D-EF77-4074-B6CF-736908F2E484}.Debug|x64.Build.0 = Debug|x64
		{EE61285D-EF77-4074-B6CF-736908F2E484}.Debug|x86.ActiveCfg = Debug|Win32
		{EE61285D-EF77-4074-B6CF-736908F2E484}.Debug|x86.Build.0 = Debug|Win32
		{EE61285D-EF77-4074-B6CF-736908F2E484}.Release|x64.ActiveCfg = Release|x64
		{EE61285D-EF77-4074-B6CF-736908F2E484}.Release|x64.Build.0 = Release|x64
		{EE61285D-EF77-4074-B6CF-736908F2E484}.Release|x86.ActiveCfg = Release|Win32
		{EE61285D-EF77-4074-B6CF-736908F2E484}.Release|x86.Build.0 = Release|Win32
	EndGlobalSection
	GlobalSection(SolutionProperties) = preSolution
		HideSolutionNode = FALSE
	EndGlobalSection
	GlobalSection(ExtensibilityGlobals) = postSolution
		SolutionGuid = {252C7643-1A92-40EC-802A-D0EABF3D6887}
	EndGlobalSection
EndGlobal
